// !$*UTF8*$!
{
	archiveVersion = 1;
	classes = {
	};
	objectVersion = 56;
	objects = {

/* Begin PBXBuildFile section */
		203EAC2F2B7D06220074705D /* Calculator_iosApp.swift in Sources */ = {isa = PBXBuildFile; fileRef = 203EAC2E2B7D06220074705D /* Calculator_iosApp.swift */; };
		203EAC312B7D06220074705D /* ContentView.swift in Sources */ = {isa = PBXBuildFile; fileRef = 203EAC302B7D06220074705D /* ContentView.swift */; };
		203EAC332B7D06260074705D /* Assets.xcassets in Resources */ = {isa = PBXBuildFile; fileRef = 203EAC322B7D06260074705D /* Assets.xcassets */; };
		203EAC362B7D06260074705D /* Preview Assets.xcassets in Resources */ = {isa = PBXBuildFile; fileRef = 203EAC352B7D06260074705D /* Preview Assets.xcassets */; };
		203EAC402B7D06270074705D /* Calculator_iosTests.swift in Sources */ = {isa = PBXBuildFile; fileRef = 203EAC3F2B7D06270074705D /* Calculator_iosTests.swift */; };
		203EAC4A2B7D06270074705D /* Calculator_iosUITests.swift in Sources */ = {isa = PBXBuildFile; fileRef = 203EAC492B7D06270074705D /* Calculator_iosUITests.swift */; };
		203EAC4C2B7D06270074705D /* Calculator_iosUITestsLaunchTests.swift in Sources */ = {isa = PBXBuildFile; fileRef = 203EAC4B2B7D06270074705D /* Calculator_iosUITestsLaunchTests.swift */; };
/* End PBXBuildFile section */

/* Begin PBXContainerItemProxy section */
		203EAC3C2B7D06270074705D /* PBXContainerItemProxy */ = {
			isa = PBXContainerItemProxy;
			containerPortal = 203EAC232B7D06220074705D /* Project object */;
			proxyType = 1;
			remoteGlobalIDString = 203EAC2A2B7D06220074705D;
			remoteInfo = "Calculator ios";
		};
		203EAC462B7D06270074705D /* PBXContainerItemProxy */ = {
			isa = PBXContainerItemProxy;
			containerPortal = 203EAC232B7D06220074705D /* Project object */;
			proxyType = 1;
			remoteGlobalIDString = 203EAC2A2B7D06220074705D;
			remoteInfo = "Calculator ios";
		};
/* End PBXContainerItemProxy section */

/* Begin PBXFileReference section */
		203EAC2B2B7D06220074705D /* Calculator ios.app */ = {isa = PBXFileReference; explicitFileType = wrapper.application; includeInIndex = 0; path = "Calculator ios.app"; sourceTree = BUILT_PRODUCTS_DIR; };
		203EAC2E2B7D06220074705D /* Calculator_iosApp.swift */ = {isa = PBXFileReference; lastKnownFileType = sourcecode.swift; path = Calculator_iosApp.swift; sourceTree = "<group>"; };
		203EAC302B7D06220074705D /* ContentView.swift */ = {isa = PBXFileReference; lastKnownFileType = sourcecode.swift; path = ContentView.swift; sourceTree = "<group>"; };
		203EAC322B7D06260074705D /* Assets.xcassets */ = {isa = PBXFileReference; lastKnownFileType = folder.assetcatalog; path = Assets.xcassets; sourceTree = "<group>"; };
		203EAC352B7D06260074705D /* Preview Assets.xcassets */ = {isa = PBXFileReference; lastKnownFileType = folder.assetcatalog; path = "Preview Assets.xcassets"; sourceTree = "<group>"; };
		203EAC3B2B7D06270074705D /* Calculator iosTests.xctest */ = {isa = PBXFileReference; explicitFileType = wrapper.cfbundle; includeInIndex = 0; path = "Calculator iosTests.xctest"; sourceTree = BUILT_PRODUCTS_DIR; };
		203EAC3F2B7D06270074705D /* Calculator_iosTests.swift */ = {isa = PBXFileReference; lastKnownFileType = sourcecode.swift; path = Calculator_iosTests.swift; sourceTree = "<group>"; };
		203EAC452B7D06270074705D /* Calculator iosUITests.xctest */ = {isa = PBXFileReference; explicitFileType = wrapper.cfbundle; includeInIndex = 0; path = "Calculator iosUITests.xctest"; sourceTree = BUILT_PRODUCTS_DIR; };
		203EAC492B7D06270074705D /* Calculator_iosUITests.swift */ = {isa = PBXFileReference; lastKnownFileType = sourcecode.swift; path = Calculator_iosUITests.swift; sourceTree = "<group>"; };
		203EAC4B2B7D06270074705D /* Calculator_iosUITestsLaunchTests.swift */ = {isa = PBXFileReference; lastKnownFileType = sourcecode.swift; path = Calculator_iosUITestsLaunchTests.swift; sourceTree = "<group>"; };
/* End PBXFileReference section */

/* Begin PBXFrameworksBuildPhase section */
		203EAC282B7D06220074705D /* Frameworks */ = {
			isa = PBXFrameworksBuildPhase;
			buildActionMask = 2147483647;
			files = (
			);
			runOnlyForDeploymentPostprocessing = 0;
		};
		203EAC382B7D06270074705D /* Frameworks */ = {
			isa = PBXFrameworksBuildPhase;
			buildActionMask = 2147483647;
			files = (
			);
			runOnlyForDeploymentPostprocessing = 0;
		};
		203EAC422B7D06270074705D /* Frameworks */ = {
			isa = PBXFrameworksBuildPhase;
			buildActionMask = 2147483647;
			files = (
			);
			runOnlyForDeploymentPostprocessing = 0;
		};
/* End PBXFrameworksBuildPhase section */

/* Begin PBXGroup section */
		203EAC222B7D06220074705D = {
			isa = PBXGroup;
			children = (
				203EAC2D2B7D06220074705D /* Calculator ios */,
				203EAC3E2B7D06270074705D /* Calculator iosTests */,
				203EAC482B7D06270074705D /* Calculator iosUITests */,
				203EAC2C2B7D06220074705D /* Products */,
			);
			sourceTree = "<group>";
		};
		203EAC2C2B7D06220074705D /* Products */ = {
			isa = PBXGroup;
			children = (
				203EAC2B2B7D06220074705D /* Calculator ios.app */,
				203EAC3B2B7D06270074705D /* Calculator iosTests.xctest */,
				203EAC452B7D06270074705D /* Calculator iosUITests.xctest */,
			);
			name = Products;
			sourceTree = "<group>";
		};
		203EAC2D2B7D06220074705D /* Calculator ios */ = {
			isa = PBXGroup;
			children = (
				203EAC2E2B7D06220074705D /* Calculator_iosApp.swift */,
				203EAC302B7D06220074705D /* ContentView.swift */,
				203EAC322B7D06260074705D /* Assets.xcassets */,
				203EAC342B7D06260074705D /* Preview Content */,
			);
			path = "Calculator ios";
			sourceTree = "<group>";
		};
		203EAC342B7D06260074705D /* Preview Content */ = {
			isa = PBXGroup;
			children = (
				203EAC352B7D06260074705D /* Preview Assets.xcassets */,
			);
			path = "Preview Content";
			sourceTree = "<group>";
		};
		203EAC3E2B7D06270074705D /* Calculator iosTests */ = {
			isa = PBXGroup;
			children = (
				203EAC3F2B7D06270074705D /* Calculator_iosTests.swift */,
			);
			path = "Calculator iosTests";
			sourceTree = "<group>";
		};
		203EAC482B7D06270074705D /* Calculator iosUITests */ = {
			isa = PBXGroup;
			children = (
				203EAC492B7D06270074705D /* Calculator_iosUITests.swift */,
				203EAC4B2B7D06270074705D /* Calculator_iosUITestsLaunchTests.swift */,
			);
			path = "Calculator iosUITests";
			sourceTree = "<group>";
		};
/* End PBXGroup section */

/* Begin PBXNativeTarget section */
		203EAC2A2B7D06220074705D /* Calculator ios */ = {
			isa = PBXNativeTarget;
			buildConfigurationList = 203EAC4F2B7D06270074705D /* Build configuration list for PBXNativeTarget "Calculator ios" */;
			buildPhases = (
				203EAC272B7D06220074705D /* Sources */,
				203EAC282B7D06220074705D /* Frameworks */,
				203EAC292B7D06220074705D /* Resources */,
			);
			buildRules = (
			);
			dependencies = (
			);
			name = "Calculator ios";
			productName = "Calculator ios";
			productReference = 203EAC2B2B7D06220074705D /* Calculator ios.app */;
			productType = "com.apple.product-type.application";
		};
		203EAC3A2B7D06270074705D /* Calculator iosTests */ = {
			isa = PBXNativeTarget;
			buildConfigurationList = 203EAC522B7D06270074705D /* Build configuration list for PBXNativeTarget "Calculator iosTests" */;
			buildPhases = (
				203EAC372B7D06270074705D /* Sources */,
				203EAC382B7D06270074705D /* Frameworks */,
				203EAC392B7D06270074705D /* Resources */,
			);
			buildRules = (
			);
			dependencies = (
				203EAC3D2B7D06270074705D /* PBXTargetDependency */,
			);
			name = "Calculator iosTests";
			productName = "Calculator iosTests";
			productReference = 203EAC3B2B7D06270074705D /* Calculator iosTests.xctest */;
			productType = "com.apple.product-type.bundle.unit-test";
		};
		203EAC442B7D06270074705D /* Calculator iosUITests */ = {
			isa = PBXNativeTarget;
			buildConfigurationList = 203EAC552B7D06270074705D /* Build configuration list for PBXNativeTarget "Calculator iosUITests" */;
			buildPhases = (
				203EAC412B7D06270074705D /* Sources */,
				203EAC422B7D06270074705D /* Frameworks */,
				203EAC432B7D06270074705D /* Resources */,
			);
			buildRules = (
			);
			dependencies = (
				203EAC472B7D06270074705D /* PBXTargetDependency */,
			);
			name = "Calculator iosUITests";
			productName = "Calculator iosUITests";
			productReference = 203EAC452B7D06270074705D /* Calculator iosUITests.xctest */;
			productType = "com.apple.product-type.bundle.ui-testing";
		};
/* End PBXNativeTarget section */

/* Begin PBXProject section */
		203EAC232B7D06220074705D /* Project object */ = {
			isa = PBXProject;
			attributes = {
				BuildIndependentTargetsInParallel = 1;
				LastSwiftUpdateCheck = 1520;
				LastUpgradeCheck = 1520;
				TargetAttributes = {
					203EAC2A2B7D06220074705D = {
						CreatedOnToolsVersion = 15.2;
					};
					203EAC3A2B7D06270074705D = {
						CreatedOnToolsVersion = 15.2;
						TestTargetID = 203EAC2A2B7D06220074705D;
					};
					203EAC442B7D06270074705D = {
						CreatedOnToolsVersion = 15.2;
						TestTargetID = 203EAC2A2B7D06220074705D;
					};
				};
			};
			buildConfigurationList = 203EAC262B7D06220074705D /* Build configuration list for PBXProject "Calculator ios" */;
			compatibilityVersion = "Xcode 14.0";
			developmentRegion = en;
			hasScannedForEncodings = 0;
			knownRegions = (
				en,
				Base,
			);
			mainGroup = 203EAC222B7D06220074705D;
			productRefGroup = 203EAC2C2B7D06220074705D /* Products */;
			projectDirPath = "";
			projectRoot = "";
			targets = (
				203EAC2A2B7D06220074705D /* Calculator ios */,
				203EAC3A2B7D06270074705D /* Calculator iosTests */,
				203EAC442B7D06270074705D /* Calculator iosUITests */,
			);
		};
/* End PBXProject section */

/* Begin PBXResourcesBuildPhase section */
		203EAC292B7D06220074705D /* Resources */ = {
			isa = PBXResourcesBuildPhase;
			buildActionMask = 2147483647;
			files = (
				203EAC362B7D06260074705D /* Preview Assets.xcassets in Resources */,
				203EAC332B7D06260074705D /* Assets.xcassets in Resources */,
			);
			runOnlyForDeploymentPostprocessing = 0;
		};
		203EAC392B7D06270074705D /* Resources */ = {
			isa = PBXResourcesBuildPhase;
			buildActionMask = 2147483647;
			files = (
			);
			runOnlyForDeploymentPostprocessing = 0;
		};
		203EAC432B7D06270074705D /* Resources */ = {
			isa = PBXResourcesBuildPhase;
			buildActionMask = 2147483647;
			files = (
			);
			runOnlyForDeploymentPostprocessing = 0;
		};
/* End PBXResourcesBuildPhase section */

/* Begin PBXSourcesBuildPhase section */
		203EAC272B7D06220074705D /* Sources */ = {
			isa = PBXSourcesBuildPhase;
			buildActionMask = 2147483647;
			files = (
				203EAC312B7D06220074705D /* ContentView.swift in Sources */,
				203EAC2F2B7D06220074705D /* Calculator_iosApp.swift in Sources */,
			);
			runOnlyForDeploymentPostprocessing = 0;
		};
		203EAC372B7D06270074705D /* Sources */ = {
			isa = PBXSourcesBuildPhase;
			buildActionMask = 2147483647;
			files = (
				203EAC402B7D06270074705D /* Calculator_iosTests.swift in Sources */,
			);
			runOnlyForDeploymentPostprocessing = 0;
		};
		203EAC412B7D06270074705D /* Sources */ = {
			isa = PBXSourcesBuildPhase;
			buildActionMask = 2147483647;
			files = (
				203EAC4C2B7D06270074705D /* Calculator_iosUITestsLaunchTests.swift in Sources */,
				203EAC4A2B7D06270074705D /* Calculator_iosUITests.swift in Sources */,
			);
			runOnlyForDeploymentPostprocessing = 0;
		};
/* End PBXSourcesBuildPhase section */

/* Begin PBXTargetDependency section */
		203EAC3D2B7D06270074705D /* PBXTargetDependency */ = {
			isa = PBXTargetDependency;
			target = 203EAC2A2B7D06220074705D /* Calculator ios */;
			targetProxy = 203EAC3C2B7D06270074705D /* PBXContainerItemProxy */;
		};
		203EAC472B7D06270074705D /* PBXTargetDependency */ = {
			isa = PBXTargetDependency;
			target = 203EAC2A2B7D06220074705D /* Calculator ios */;
			targetProxy = 203EAC462B7D06270074705D /* PBXContainerItemProxy */;
		};
/* End PBXTargetDependency section */

/* Begin XCBuildConfiguration section */
		203EAC4D2B7D06270074705D /* Debug */ = {
			isa = XCBuildConfiguration;
			buildSettings = {
				ALWAYS_SEARCH_USER_PATHS = NO;
				ASSETCATALOG_COMPILER_GENERATE_SWIFT_ASSET_SYMBOL_EXTENSIONS = YES;
				CLANG_ANALYZER_NONNULL = YES;
				CLANG_ANALYZER_NUMBER_OBJECT_CONVERSION = YES_AGGRESSIVE;
				CLANG_CXX_LANGUAGE_STANDARD = "gnu++20";
				CLANG_ENABLE_MODULES = YES;
				CLANG_ENABLE_OBJC_ARC = YES;
				CLANG_ENABLE_OBJC_WEAK = YES;
				CLANG_WARN_BLOCK_CAPTURE_AUTORELEASING = YES;
				CLANG_WARN_BOOL_CONVERSION = YES;
				CLANG_WARN_COMMA = YES;
				CLANG_WARN_CONSTANT_CONVERSION = YES;
				CLANG_WARN_DEPRECATED_OBJC_IMPLEMENTATIONS = YES;
				CLANG_WARN_DIRECT_OBJC_ISA_USAGE = YES_ERROR;
				CLANG_WARN_DOCUMENTATION_COMMENTS = YES;
				CLANG_WARN_EMPTY_BODY = YES;
				CLANG_WARN_ENUM_CONVERSION = YES;
				CLANG_WARN_INFINITE_RECURSION = YES;
				CLANG_WARN_INT_CONVERSION = YES;
				CLANG_WARN_NON_LITERAL_NULL_CONVERSION = YES;
				CLANG_WARN_OBJC_IMPLICIT_RETAIN_SELF = YES;
				CLANG_WARN_OBJC_LITERAL_CONVERSION = YES;
				CLANG_WARN_OBJC_ROOT_CLASS = YES_ERROR;
				CLANG_WARN_QUOTED_INCLUDE_IN_FRAMEWORK_HEADER = YES;
				CLANG_WARN_RANGE_LOOP_ANALYSIS = YES;
				CLANG_WARN_STRICT_PROTOTYPES = YES;
				CLANG_WARN_SUSPICIOUS_MOVE = YES;
				CLANG_WARN_UNGUARDED_AVAILABILITY = YES_AGGRESSIVE;
				CLANG_WARN_UNREACHABLE_CODE = YES;
				CLANG_WARN__DUPLICATE_METHOD_MATCH = YES;
				COPY_PHASE_STRIP = NO;
				DEBUG_INFORMATION_FORMAT = dwarf;
				ENABLE_STRICT_OBJC_MSGSEND = YES;
				ENABLE_TESTABILITY = YES;
				ENABLE_USER_SCRIPT_SANDBOXING = YES;
				GCC_C_LANGUAGE_STANDARD = gnu17;
				GCC_DYNAMIC_NO_PIC = NO;
				GCC_NO_COMMON_BLOCKS = YES;
				GCC_OPTIMIZATION_LEVEL = 0;
				GCC_PREPROCESSOR_DEFINITIONS = (
					"DEBUG=1",
					"$(inherited)",
				);
				GCC_WARN_64_TO_32_BIT_CONVERSION = YES;
				GCC_WARN_ABOUT_RETURN_TYPE = YES_ERROR;
				GCC_WARN_UNDECLARED_SELECTOR = YES;
				GCC_WARN_UNINITIALIZED_AUTOS = YES_AGGRESSIVE;
				GCC_WARN_UNUSED_FUNCTION = YES;
				GCC_WARN_UNUSED_VARIABLE = YES;
				IPHONEOS_DEPLOYMENT_TARGET = 17.2;
				LOCALIZATION_PREFERS_STRING_CATALOGS = YES;
				MTL_ENABLE_DEBUG_INFO = INCLUDE_SOURCE;
				MTL_FAST_MATH = YES;
				ONLY_ACTIVE_ARCH = YES;
				SDKROOT = iphoneos;
				SWIFT_ACTIVE_COMPILATION_CONDITIONS = "DEBUG $(inherited)";
				SWIFT_OPTIMIZATION_LEVEL = "-Onone";
			};
			name = Debug;
		};
		203EAC4E2B7D06270074705D /* Release */ = {
			isa = XCBuildConfiguration;
			buildSettings = {
				ALWAYS_SEARCH_USER_PATHS = NO;
				ASSETCATALOG_COMPILER_GENERATE_SWIFT_ASSET_SYMBOL_EXTENSIONS = YES;
				CLANG_ANALYZER_NONNULL = YES;
				CLANG_ANALYZER_NUMBER_OBJECT_CONVERSION = YES_AGGRESSIVE;
				CLANG_CXX_LANGUAGE_STANDARD = "gnu++20";
				CLANG_ENABLE_MODULES = YES;
				CLANG_ENABLE_OBJC_ARC = YES;
				CLANG_ENABLE_OBJC_WEAK = YES;
				CLANG_WARN_BLOCK_CAPTURE_AUTORELEASING = YES;
				CLANG_WARN_BOOL_CONVERSION = YES;
				CLANG_WARN_COMMA = YES;
				CLANG_WARN_CONSTANT_CONVERSION = YES;
				CLANG_WARN_DEPRECATED_OBJC_IMPLEMENTATIONS = YES;
				CLANG_WARN_DIRECT_OBJC_ISA_USAGE = YES_ERROR;
				CLANG_WARN_DOCUMENTATION_COMMENTS = YES;
				CLANG_WARN_EMPTY_BODY = YES;
				CLANG_WARN_ENUM_CONVERSION = YES;
				CLANG_WARN_INFINITE_RECURSION = YES;
				CLANG_WARN_INT_CONVERSION = YES;
				CLANG_WARN_NON_LITERAL_NULL_CONVERSION = YES;
				CLANG_WARN_OBJC_IMPLICIT_RETAIN_SELF = YES;
				CLANG_WARN_OBJC_LITERAL_CONVERSION = YES;
				CLANG_WARN_OBJC_ROOT_CLASS = YES_ERROR;
				CLANG_WARN_QUOTED_INCLUDE_IN_FRAMEWORK_HEADER = YES;
				CLANG_WARN_RANGE_LOOP_ANALYSIS = YES;
				CLANG_WARN_STRICT_PROTOTYPES = YES;
				CLANG_WARN_SUSPICIOUS_MOVE = YES;
				CLANG_WARN_UNGUARDED_AVAILABILITY = YES_AGGRESSIVE;
				CLANG_WARN_UNREACHABLE_CODE = YES;
				CLANG_WARN__DUPLICATE_METHOD_MATCH = YES;
				COPY_PHASE_STRIP = NO;
				DEBUG_INFORMATION_FORMAT = "dwarf-with-dsym";
				ENABLE_NS_ASSERTIONS = NO;
				ENABLE_STRICT_OBJC_MSGSEND = YES;
				ENABLE_USER_SCRIPT_SANDBOXING = YES;
				GCC_C_LANGUAGE_STANDARD = gnu17;
				GCC_NO_COMMON_BLOCKS = YES;
				GCC_WARN_64_TO_32_BIT_CONVERSION = YES;
				GCC_WARN_ABOUT_RETURN_TYPE = YES_ERROR;
				GCC_WARN_UNDECLARED_SELECTOR = YES;
				GCC_WARN_UNINITIALIZED_AUTOS = YES_AGGRESSIVE;
				GCC_WARN_UNUSED_FUNCTION = YES;
				GCC_WARN_UNUSED_VARIABLE = YES;
				IPHONEOS_DEPLOYMENT_TARGET = 17.2;
				LOCALIZATION_PREFERS_STRING_CATALOGS = YES;
				MTL_ENABLE_DEBUG_INFO = NO;
				MTL_FAST_MATH = YES;
				SDKROOT = iphoneos;
				SWIFT_COMPILATION_MODE = wholemodule;
				VALIDATE_PRODUCT = YES;
			};
			name = Release;
		};
		203EAC502B7D06270074705D /* Debug */ = {
			isa = XCBuildConfiguration;
			buildSettings = {
				ASSETCATALOG_COMPILER_APPICON_NAME = AppIcon;
				ASSETCATALOG_COMPILER_GLOBAL_ACCENT_COLOR_NAME = AccentColor;
				CODE_SIGN_STYLE = Automatic;
				CURRENT_PROJECT_VERSION = 1;
				DEVELOPMENT_ASSET_PATHS = "\"Calculator ios/Preview Content\"";
				ENABLE_PREVIEWS = YES;
				GENERATE_INFOPLIST_FILE = YES;
				INFOPLIST_KEY_UIApplicationSceneManifest_Generation = YES;
				INFOPLIST_KEY_UIApplicationSupportsIndirectInputEvents = YES;
				INFOPLIST_KEY_UILaunchScreen_Generation = YES;
				INFOPLIST_KEY_UISupportedInterfaceOrientations_iPad = "UIInterfaceOrientationPortrait UIInterfaceOrientationPortraitUpsideDown UIInterfaceOrientationLandscapeLeft UIInterfaceOrientationLandscapeRight";
				INFOPLIST_KEY_UISupportedInterfaceOrientations_iPhone = "UIInterfaceOrientationPortrait UIInterfaceOrientationLandscapeLeft UIInterfaceOrientationLandscapeRight";
				LD_RUNPATH_SEARCH_PATHS = (
					"$(inherited)",
					"@executable_path/Frameworks",
				);
				MARKETING_VERSION = 1.0;
				PRODUCT_BUNDLE_IDENTIFIER = "vaidik.Calculator-ios";
				PRODUCT_NAME = "$(TARGET_NAME)";
				SWIFT_EMIT_LOC_STRINGS = YES;
				SWIFT_VERSION = 5.0;
				TARGETED_DEVICE_FAMILY = "1,2";
			};
			name = Debug;
		};
		203EAC512B7D06270074705D /* Release */ = {
			isa = XCBuildConfiguration;
			buildSettings = {
				ASSETCATALOG_COMPILER_APPICON_NAME = AppIcon;
				ASSETCATALOG_COMPILER_GLOBAL_ACCENT_COLOR_NAME = AccentColor;
				CODE_SIGN_STYLE = Automatic;
				CURRENT_PROJECT_VERSION = 1;
				DEVELOPMENT_ASSET_PATHS = "\"Calculator ios/Preview Content\"";
				ENABLE_PREVIEWS = YES;
				GENERATE_INFOPLIST_FILE = YES;
				INFOPLIST_KEY_UIApplicationSceneManifest_Generation = YES;
				INFOPLIST_KEY_UIApplicationSupportsIndirectInputEvents = YES;
				INFOPLIST_KEY_UILaunchScreen_Generation = YES;
				INFOPLIST_KEY_UISupportedInterfaceOrientations_iPad = "UIInterfaceOrientationPortrait UIInterfaceOrientationPortraitUpsideDown UIInterfaceOrientationLandscapeLeft UIInterfaceOrientationLandscapeRight";
				INFOPLIST_KEY_UISupportedInterfaceOrientations_iPhone = "UIInterfaceOrientationPortrait UIInterfaceOrientationLandscapeLeft UIInterfaceOrientationLandscapeRight";
				LD_RUNPATH_SEARCH_PATHS = (
					"$(inherited)",
					"@executable_path/Frameworks",
				);
				MARKETING_VERSION = 1.0;
				PRODUCT_BUNDLE_IDENTIFIER = "vaidik.Calculator-ios";
				PRODUCT_NAME = "$(TARGET_NAME)";
				SWIFT_EMIT_LOC_STRINGS = YES;
				SWIFT_VERSION = 5.0;
				TARGETED_DEVICE_FAMILY = "1,2";
			};
			name = Release;
		};
		203EAC532B7D06270074705D /* Debug */ = {
			isa = XCBuildConfiguration;
			buildSettings = {
				ALWAYS_EMBED_SWIFT_STANDARD_LIBRARIES = YES;
				BUNDLE_LOADER = "$(TEST_HOST)";
				CODE_SIGN_STYLE = Automatic;
				CURRENT_PROJECT_VERSION = 1;
				GENERATE_INFOPLIST_FILE = YES;
				IPHONEOS_DEPLOYMENT_TARGET = 17.2;
				MARKETING_VERSION = 1.0;
				PRODUCT_BUNDLE_IDENTIFIER = "vaidik.Calculator-iosTests";
				PRODUCT_NAME = "$(TARGET_NAME)";
				SWIFT_EMIT_LOC_STRINGS = NO;
				SWIFT_VERSION = 5.0;
				TARGETED_DEVICE_FAMILY = "1,2";
				TEST_HOST = "$(BUILT_PRODUCTS_DIR)/Calculator ios.app/$(BUNDLE_EXECUTABLE_FOLDER_PATH)/Calculator ios";
			};
			name = Debug;
		};
		203EAC542B7D06270074705D /* Release */ = {
			isa = XCBuildConfiguration;
			buildSettings = {
				ALWAYS_EMBED_SWIFT_STANDARD_LIBRARIES = YES;
				BUNDLE_LOADER = "$(TEST_HOST)";
				CODE_SIGN_STYLE = Automatic;
				CURRENT_PROJECT_VERSION = 1;
				GENERATE_INFOPLIST_FILE = YES;
				IPHONEOS_DEPLOYMENT_TARGET = 17.2;
				MARKETING_VERSION = 1.0;
				PRODUCT_BUNDLE_IDENTIFIER = "vaidik.Calculator-iosTests";
				PRODUCT_NAME = "$(TARGET_NAME)";
				SWIFT_EMIT_LOC_STRINGS = NO;
				SWIFT_VERSION = 5.0;
				TARGETED_DEVICE_FAMILY = "1,2";
				TEST_HOST = "$(BUILT_PRODUCTS_DIR)/Calculator ios.app/$(BUNDLE_EXECUTABLE_FOLDER_PATH)/Calculator ios";
			};
			name = Release;
		};
		203EAC562B7D06270074705D /* Debug */ = {
			isa = XCBuildConfiguration;
			buildSettings = {
				ALWAYS_EMBED_SWIFT_STANDARD_LIBRARIES = YES;
				CODE_SIGN_STYLE = Automatic;
				CURRENT_PROJECT_VERSION = 1;
				GENERATE_INFOPLIST_FILE = YES;
				MARKETING_VERSION = 1.0;
				PRODUCT_BUNDLE_IDENTIFIER = "vaidik.Calculator-iosUITests";
				PRODUCT_NAME = "$(TARGET_NAME)";
				SWIFT_EMIT_LOC_STRINGS = NO;
				SWIFT_VERSION = 5.0;
				TARGETED_DEVICE_FAMILY = "1,2";
				TEST_TARGET_NAME = "Calculator ios";
			};
			name = Debug;
		};
		203EAC572B7D06270074705D /* Release */ = {
			isa = XCBuildConfiguration;
			buildSettings = {
				ALWAYS_EMBED_SWIFT_STANDARD_LIBRARIES = YES;
				CODE_SIGN_STYLE = Automatic;
				CURRENT_PROJECT_VERSION = 1;
				GENERATE_INFOPLIST_FILE = YES;
				MARKETING_VERSION = 1.0;
				PRODUCT_BUNDLE_IDENTIFIER = "vaidik.Calculator-iosUITests";
				PRODUCT_NAME = "$(TARGET_NAME)";
				SWIFT_EMIT_LOC_STRINGS = NO;
				SWIFT_VERSION = 5.0;
				TARGETED_DEVICE_FAMILY = "1,2";
				TEST_TARGET_NAME = "Calculator ios";
			};
			name = Release;
		};
/* End XCBuildConfiguration section */

/* Begin XCConfigurationList section */
		203EAC262B7D06220074705D /* Build configuration list for PBXProject "Calculator ios" */ = {
			isa = XCConfigurationList;
			buildConfigurations = (
				203EAC4D2B7D06270074705D /* Debug */,
				203EAC4E2B7D06270074705D /* Release */,
			);
			defaultConfigurationIsVisible = 0;
			defaultConfigurationName = Release;
		};
		203EAC4F2B7D06270074705D /* Build configuration list for PBXNativeTarget "Calculator ios" */ = {
			isa = XCConfigurationList;
			buildConfigurations = (
				203EAC502B7D06270074705D /* Debug */,
				203EAC512B7D06270074705D /* Release */,
			);
			defaultConfigurationIsVisible = 0;
			defaultConfigurationName = Release;
		};
		203EAC522B7D06270074705D /* Build configuration list for PBXNativeTarget "Calculator iosTests" */ = {
			isa = XCConfigurationList;
			buildConfigurations = (
				203EAC532B7D06270074705D /* Debug */,
				203EAC542B7D06270074705D /* Release */,
			);
			defaultConfigurationIsVisible = 0;
			defaultConfigurationName = Release;
		};
		203EAC552B7D06270074705D /* Build configuration list for PBXNativeTarget "Calculator iosUITests" */ = {
			isa = XCConfigurationList;
			buildConfigurations = (
				203EAC562B7D06270074705D /* Debug */,
				203EAC572B7D06270074705D /* Release */,
			);
			defaultConfigurationIsVisible = 0;
			defaultConfigurationName = Release;
		};
/* End XCConfigurationList section */
	};
	rootObject = 203EAC232B7D06220074705D /* Project object */;
}
